
Microsoft Visual Studio Solution File, Format Version 12.00
# Visual Studio Version 18
VisualStudioVersion = 18.0.11217.181
MinimumVisualStudioVersion = 10.0.40219.1
Project("{2150E333-8FDC-42A3-9474-1A3956D46DE8}") = "Services", "Services", "{02EA681E-C7D8-13C7-8484-4AC65E1B71E8}"
EndProject
Project("{2150E333-8FDC-42A3-9474-1A3956D46DE8}") = "Catalog", "Catalog", "{0A5DEE4D-259F-4792-8343-255CF5EFE350}"
EndProject
Project("{FAE04EC0-301F-11D3-BF4B-00C04F79EFBC}") = "Catalog.API", "Services\Catalog\Catalog.API\Catalog.API.csproj", "{4125D7CD-1BA6-4B9F-866E-2CA6CF889CE2}"
EndProject
Project("{2150E333-8FDC-42A3-9474-1A3956D46DE8}") = "BuildingBlocks", "BuildingBlocks", "{C93413BB-3E91-4819-948A-3F458F52BEB6}"
EndProject
Project("{FAE04EC0-301F-11D3-BF4B-00C04F79EFBC}") = "BuildingBlocks", "BuildingBlocks\BuildingBlocks\BuildingBlocks.csproj", "{1AAF9454-36E4-42EF-9BEB-90331D92AA4F}"
EndProject
Project("{E53339B2-1760-4266-BCC7-CA923CBCF16C}") = "docker-compose", "docker-compose.dcproj", "{81DDED9D-158B-E303-5F62-77A2896D2A5A}"
EndProject
Project("{2150E333-8FDC-42A3-9474-1A3956D46DE8}") = "Basket", "Basket", "{CA6415A1-E2B2-4DC0-AEEA-3BD8BCDCD717}"
EndProject
Project("{FAE04EC0-301F-11D3-BF4B-00C04F79EFBC}") = "Basket.API", "Services\Basket\Basket.API\Basket.API.csproj", "{2A850E93-5310-4ACA-8900-E14C7ADA43E0}"
EndProject
Project("{2150E333-8FDC-42A3-9474-1A3956D46DE8}") = "Discount", "Discount", "{28F24BBD-76B0-483A-9637-648517DD6DF9}"
EndProject
Project("{FAE04EC0-301F-11D3-BF4B-00C04F79EFBC}") = "Discount.Grpc", "Services\Discount\Discount.Grpc\Discount.Grpc.csproj", "{5DB68F04-7A12-4A57-8CEC-56A8ED27C7F7}"
EndProject
Project("{2150E333-8FDC-42A3-9474-1A3956D46DE8}") = "Ordering", "Ordering", "{F971B481-D270-4231-A49F-A0C4278C5FE3}"
EndProject
Project("{FAE04EC0-301F-11D3-BF4B-00C04F79EFBC}") = "Ordering.API", "Services\Ordering\Ordering.API\Ordering.API.csproj", "{B4B11CDB-C8C6-4845-84FF-D258C2636984}"
EndProject
Project("{FAE04EC0-301F-11D3-BF4B-00C04F79EFBC}") = "Ordering.Domain", "Services\Ordering\Ordering.Domain\Ordering.Domain.csproj", "{9364D3AB-2FB5-4933-B04C-D65DECFBC1B5}"
EndProject
Project("{FAE04EC0-301F-11D3-BF4B-00C04F79EFBC}") = "Ordering.Application", "Services\Ordering\Ordering.Application\Ordering.Application.csproj", "{4CE12ABD-0DC8-4BDA-A4F8-65BC29A378CB}"
EndProject
Project("{FAE04EC0-301F-11D3-BF4B-00C04F79EFBC}") = "Ordering.Infrastructure", "Services\Ordering\Ordering.Infrastructure\Ordering.Infrastructure.csproj", "{D9EB09A4-0CD4-4C08-A69F-89CEE6395577}"
EndProject
Global
	GlobalSection(SolutionConfigurationPlatforms) = preSolution
		Debug|Any CPU = Debug|Any CPU
		Release|Any CPU = Release|Any CPU
	EndGlobalSection
	GlobalSection(ProjectConfigurationPlatforms) = postSolution
		{4125D7CD-1BA6-4B9F-866E-2CA6CF889CE2}.Debug|Any CPU.ActiveCfg = Debug|Any CPU
		{4125D7CD-1BA6-4B9F-866E-2CA6CF889CE2}.Debug|Any CPU.Build.0 = Debug|Any CPU
		{4125D7CD-1BA6-4B9F-866E-2CA6CF889CE2}.Release|Any CPU.ActiveCfg = Release|Any CPU
		{4125D7CD-1BA6-4B9F-866E-2CA6CF889CE2}.Release|Any CPU.Build.0 = Release|Any CPU
		{1AAF9454-36E4-42EF-9BEB-90331D92AA4F}.Debug|Any CPU.ActiveCfg = Debug|Any CPU
		{1AAF9454-36E4-42EF-9BEB-90331D92AA4F}.Debug|Any CPU.Build.0 = Debug|Any CPU
		{1AAF9454-36E4-42EF-9BEB-90331D92AA4F}.Release|Any CPU.ActiveCfg = Release|Any CPU
		{1AAF9454-36E4-42EF-9BEB-90331D92AA4F}.Release|Any CPU.Build.0 = Release|Any CPU
		{81DDED9D-158B-E303-5F62-77A2896D2A5A}.Debug|Any CPU.ActiveCfg = Debug|Any CPU
		{81DDED9D-158B-E303-5F62-77A2896D2A5A}.Debug|Any CPU.Build.0 = Debug|Any CPU
		{81DDED9D-158B-E303-5F62-77A2896D2A5A}.Release|Any CPU.ActiveCfg = Release|Any CPU
		{81DDED9D-158B-E303-5F62-77A2896D2A5A}.Release|Any CPU.Build.0 = Release|Any CPU
		{2A850E93-5310-4ACA-8900-E14C7ADA43E0}.Debug|Any CPU.ActiveCfg = Debug|Any CPU
		{2A850E93-5310-4ACA-8900-E14C7ADA43E0}.Debug|Any CPU.Build.0 = Debug|Any CPU
		{2A850E93-5310-4ACA-8900-E14C7ADA43E0}.Release|Any CPU.ActiveCfg = Release|Any CPU
		{2A850E93-5310-4ACA-8900-E14C7ADA43E0}.Release|Any CPU.Build.0 = Release|Any CPU
		{5DB68F04-7A12-4A57-8CEC-56A8ED27C7F7}.Debug|Any CPU.ActiveCfg = Debug|Any CPU
		{5DB68F04-7A12-4A57-8CEC-56A8ED27C7F7}.Debug|Any CPU.Build.0 = Debug|Any CPU
		{5DB68F04-7A12-4A57-8CEC-56A8ED27C7F7}.Release|Any CPU.ActiveCfg = Release|Any CPU
		{5DB68F04-7A12-4A57-8CEC-56A8ED27C7F7}.Release|Any CPU.Build.0 = Release|Any CPU
		{B4B11CDB-C8C6-4845-84FF-D258C2636984}.Debug|Any CPU.ActiveCfg = Debug|Any CPU
		{B4B11CDB-C8C6-4845-84FF-D258C2636984}.Debug|Any CPU.Build.0 = Debug|Any CPU
		{B4B11CDB-C8C6-4845-84FF-D258C2636984}.Release|Any CPU.ActiveCfg = Release|Any CPU
		{B4B11CDB-C8C6-4845-84FF-D258C2636984}.Release|Any CPU.Build.0 = Release|Any CPU
		{9364D3AB-2FB5-4933-B04C-D65DECFBC1B5}.Debug|Any CPU.ActiveCfg = Debug|Any CPU
		{9364D3AB-2FB5-4933-B04C-D65DECFBC1B5}.Debug|Any CPU.Build.0 = Debug|Any CPU
		{9364D3AB-2FB5-4933-B04C-D65DECFBC1B5}.Release|Any CPU.ActiveCfg = Release|Any CPU
		{9364D3AB-2FB5-4933-B04C-D65DECFBC1B5}.Release|Any CPU.Build.0 = Release|Any CPU
		{4CE12ABD-0DC8-4BDA-A4F8-65BC29A378CB}.Debug|Any CPU.ActiveCfg = Debug|Any CPU
		{4CE12ABD-0DC8-4BDA-A4F8-65BC29A378CB}.Debug|Any CPU.Build.0 = Debug|Any CPU
		{4CE12ABD-0DC8-4BDA-A4F8-65BC29A378CB}.Release|Any CPU.ActiveCfg = Release|Any CPU
		{4CE12ABD-0DC8-4BDA-A4F8-65BC29A378CB}.Release|Any CPU.Build.0 = Release|Any CPU
		{D9EB09A4-0CD4-4C08-A69F-89CEE6395577}.Debug|Any CPU.ActiveCfg = Debug|Any CPU
		{D9EB09A4-0CD4-4C08-A69F-89CEE6395577}.Debug|Any CPU.Build.0 = Debug|Any CPU
		{D9EB09A4-0CD4-4C08-A69F-89CEE6395577}.Release|Any CPU.ActiveCfg = Release|Any CPU
		{D9EB09A4-0CD4-4C08-A69F-89CEE6395577}.Release|Any CPU.Build.0 = Release|Any CPU
	EndGlobalSection
	GlobalSection(SolutionProperties) = preSolution
		HideSolutionNode = FALSE
	EndGlobalSection
	GlobalSection(NestedProjects) = preSolution
		{0A5DEE4D-259F-4792-8343-255CF5EFE350} = {02EA681E-C7D8-13C7-8484-4AC65E1B71E8}
		{4125D7CD-1BA6-4B9F-866E-2CA6CF889CE2} = {0A5DEE4D-259F-4792-8343-255CF5EFE350}
		{1AAF9454-36E4-42EF-9BEB-90331D92AA4F} = {C93413BB-3E91-4819-948A-3F458F52BEB6}
		{CA6415A1-E2B2-4DC0-AEEA-3BD8BCDCD717} = {02EA681E-C7D8-13C7-8484-4AC65E1B71E8}
		{2A850E93-5310-4ACA-8900-E14C7ADA43E0} = {CA6415A1-E2B2-4DC0-AEEA-3BD8BCDCD717}
		{28F24BBD-76B0-483A-9637-648517DD6DF9} = {02EA681E-C7D8-13C7-8484-4AC65E1B71E8}
		{5DB68F04-7A12-4A57-8CEC-56A8ED27C7F7} = {28F24BBD-76B0-483A-9637-648517DD6DF9}
		{F971B481-D270-4231-A49F-A0C4278C5FE3} = {02EA681E-C7D8-13C7-8484-4AC65E1B71E8}
		{B4B11CDB-C8C6-4845-84FF-D258C2636984} = {F971B481-D270-4231-A49F-A0C4278C5FE3}
		{9364D3AB-2FB5-4933-B04C-D65DECFBC1B5} = {F971B481-D270-4231-A49F-A0C4278C5FE3}
		{4CE12ABD-0DC8-4BDA-A4F8-65BC29A378CB} = {F971B481-D270-4231-A49F-A0C4278C5FE3}
		{D9EB09A4-0CD4-4C08-A69F-89CEE6395577} = {F971B481-D270-4231-A49F-A0C4278C5FE3}
	EndGlobalSection
	GlobalSection(ExtensibilityGlobals) = postSolution
		SolutionGuid = {CCF67F77-EA24-4A85-8518-A8A590355776}
	EndGlobalSection
EndGlobal
