
Microsoft Visual Studio Solution File, Format Version 12.00
# Visual Studio Version 18
VisualStudioVersion = 18.0.11217.181
MinimumVisualStudioVersion = 10.0.40219.1
Project("{2150E333-8FDC-42A3-9474-1A3956D46DE8}") = "Services", "Services", "{02EA681E-C7D8-13C7-8484-4AC65E1B71E8}"
EndProject
Project("{2150E333-8FDC-42A3-9474-1A3956D46DE8}") = "Catalog", "Catalog", "{0A5DEE4D-259F-4792-8343-255CF5EFE350}"
EndProject
Project("{FAE04EC0-301F-11D3-BF4B-00C04F79EFBC}") = "Catalog.API", "Services\Catalog\Catalog.API\Catalog.API.csproj", "{4125D7CD-1BA6-4B9F-866E-2CA6CF889CE2}"
EndProject
Project("{2150E333-8FDC-42A3-9474-1A3956D46DE8}") = "BuildingBlocks", "BuildingBlocks", "{C93413BB-3E91-4819-948A-3F458F52BEB6}"
EndProject
Project("{FAE04EC0-301F-11D3-BF4B-00C04F79EFBC}") = "BuildingBlocks", "BuildingBlocks\BuildingBlocks\BuildingBlocks.csproj", "{1AAF9454-36E4-42EF-9BEB-90331D92AA4F}"
EndProject
Project("{E53339B2-1760-4266-BCC7-CA923CBCF16C}") = "docker-compose", "docker-compose.dcproj", "{81DDED9D-158B-E303-5F62-77A2896D2A5A}"
EndProject
Global
	GlobalSection(SolutionConfigurationPlatforms) = preSolution
		Debug|Any CPU = Debug|Any CPU
		Release|Any CPU = Release|Any CPU
	EndGlobalSection
	GlobalSection(ProjectConfigurationPlatforms) = postSolution
		{4125D7CD-1BA6-4B9F-866E-2CA6CF889CE2}.Debug|Any CPU.ActiveCfg = Debug|Any CPU
		{4125D7CD-1BA6-4B9F-866E-2CA6CF889CE2}.Debug|Any CPU.Build.0 = Debug|Any CPU
		{4125D7CD-1BA6-4B9F-866E-2CA6CF889CE2}.Release|Any CPU.ActiveCfg = Release|Any CPU
		{4125D7CD-1BA6-4B9F-866E-2CA6CF889CE2}.Release|Any CPU.Build.0 = Release|Any CPU
		{1AAF9454-36E4-42EF-9BEB-90331D92AA4F}.Debug|Any CPU.ActiveCfg = Debug|Any CPU
		{1AAF9454-36E4-42EF-9BEB-90331D92AA4F}.Debug|Any CPU.Build.0 = Debug|Any CPU
		{1AAF9454-36E4-42EF-9BEB-90331D92AA4F}.Release|Any CPU.ActiveCfg = Release|Any CPU
		{1AAF9454-36E4-42EF-9BEB-90331D92AA4F}.Release|Any CPU.Build.0 = Release|Any CPU
		{81DDED9D-158B-E303-5F62-77A2896D2A5A}.Debug|Any CPU.ActiveCfg = Debug|Any CPU
		{81DDED9D-158B-E303-5F62-77A2896D2A5A}.Debug|Any CPU.Build.0 = Debug|Any CPU
		{81DDED9D-158B-E303-5F62-77A2896D2A5A}.Release|Any CPU.ActiveCfg = Release|Any CPU
		{81DDED9D-158B-E303-5F62-77A2896D2A5A}.Release|Any CPU.Build.0 = Release|Any CPU
	EndGlobalSection
	GlobalSection(SolutionProperties) = preSolution
		HideSolutionNode = FALSE
	EndGlobalSection
	GlobalSection(NestedProjects) = preSolution
		{0A5DEE4D-259F-4792-8343-255CF5EFE350} = {02EA681E-C7D8-13C7-8484-4AC65E1B71E8}
		{4125D7CD-1BA6-4B9F-866E-2CA6CF889CE2} = {0A5DEE4D-259F-4792-8343-255CF5EFE350}
		{1AAF9454-36E4-42EF-9BEB-90331D92AA4F} = {C93413BB-3E91-4819-948A-3F458F52BEB6}
	EndGlobalSection
	GlobalSection(ExtensibilityGlobals) = postSolution
		SolutionGuid = {CCF67F77-EA24-4A85-8518-A8A590355776}
	EndGlobalSection
EndGlobal
